
Microsoft Visual Studio Solution File, Format Version 12.00
# Visual Studio Version 17
VisualStudioVersion = 17.12.35209.166
MinimumVisualStudioVersion = 10.0.40219.1
Project("{9A19103F-16F7-4668-BE54-9A1E7A4F7556}") = "UserAuthentication", "UserAuthentication\UserAuthentication.csproj", "{1258ABBC-91C1-4353-96EC-271399DC54E9}"
EndProject
Project("{FAE04EC0-301F-11D3-BF4B-00C04F79EFBC}") = "ChatConsoleApp", "ChatConsoleApp\ChatConsoleApp.csproj", "{46994944-063C-425A-A88E-F2C599C6B2CC}"
EndProject
Global
	GlobalSection(SolutionConfigurationPlatforms) = preSolution
		Debug|Any CPU = Debug|Any CPU
		Release|Any CPU = Release|Any CPU
	EndGlobalSection
	GlobalSection(ProjectConfigurationPlatforms) = postSolution
		{1258ABBC-91C1-4353-96EC-271399DC54E9}.Debug|Any CPU.ActiveCfg = Debug|Any CPU
		{1258ABBC-91C1-4353-96EC-271399DC54E9}.Debug|Any CPU.Build.0 = Debug|Any CPU
		{1258ABBC-91C1-4353-96EC-271399DC54E9}.Release|Any CPU.ActiveCfg = Release|Any CPU
		{1258ABBC-91C1-4353-96EC-271399DC54E9}.Release|Any CPU.Build.0 = Release|Any CPU
		{46994944-063C-425A-A88E-F2C599C6B2CC}.Debug|Any CPU.ActiveCfg = Debug|Any CPU
		{46994944-063C-425A-A88E-F2C599C6B2CC}.Debug|Any CPU.Build.0 = Debug|Any CPU
		{46994944-063C-425A-A88E-F2C599C6B2CC}.Release|Any CPU.ActiveCfg = Release|Any CPU
		{46994944-063C-425A-A88E-F2C599C6B2CC}.Release|Any CPU.Build.0 = Release|Any CPU
	EndGlobalSection
	GlobalSection(SolutionProperties) = preSolution
		HideSolutionNode = FALSE
	EndGlobalSection
	GlobalSection(ExtensibilityGlobals) = postSolution
		SolutionGuid = {6FE3D5C1-98FA-46C7-B6A5-76DB641881FD}
	EndGlobalSection
EndGlobal
